<Solution>
  <Project Path="src/Goodtocode.Agents.Playbook.Prompting.Tests/Goodtocode.Agents.Playbook.Prompting.Tests.csproj" />
  <Project Path="src/Goodtocode.Agents.Playbook.Prompting/Goodtocode.Agents.Playbook.Prompting.csproj" />
  <Project Path="src/Goodtocode.Agents.Playbook.Tests/Goodtocode.Agents.Playbook.Tests.csproj" />
  <Project Path="src/Goodtocode.Agents.Playbook/Goodtocode.Agents.Playbook.csproj" />
</Solution>
